# This file is generated by running "yarn install" inside your project.
# Manual changes might be lost - proceed with caution!

__metadata:
  version: 4
  cacheKey: 7

"@trysound/sax@npm:0.1.1":
  version: 0.1.1
  resolution: "@trysound/sax@npm:0.1.1"
  checksum: 0ffcea622248d234faad26761c6a152856acbf0153bd54178adc0c84607355b769ea7eda096f51590b1897bed7d51e01dc7582dc97ff94a8c0f97ee03d707cd5
  languageName: node
  linkType: hard

"ansi-styles@npm:^4.1.0":
  version: 4.3.0
  resolution: "ansi-styles@npm:4.3.0"
  dependencies:
    color-convert: ^2.0.1
  checksum: ea02c0179f3dd089a161f5fdd7ccd89dd84f31d82b68869f1134bf5c5b9e1313dadd2ff9edb02b44f46243f285ef5b785f6cb61c84a293694221417c42934407
  languageName: node
  linkType: hard

"big.js@npm:^5.2.2":
  version: 5.2.2
  resolution: "big.js@npm:5.2.2"
  checksum: ea33d7d25674df4253ae3667da7f48ade6cc8828cb4f2c3a7753f53975f10cebae57e0d1ecf84f1b920b5467262dc0d4f357e5e497b138472d0e64992a8402a4
  languageName: node
  linkType: hard

"boolbase@npm:^1.0.0":
  version: 1.0.0
  resolution: "boolbase@npm:1.0.0"
  checksum: e827963c416fdb1dbcd57e066a43c40829518f4dcdc9f58ed04519daeebb610adacbb6cf102518bda9f08be593c5b1b49a83e36bf6b7d91b3403f7e35510eeae
  languageName: node
  linkType: hard

"chalk@npm:^4.1.0":
  version: 4.1.1
  resolution: "chalk@npm:4.1.1"
  dependencies:
    ansi-styles: ^4.1.0
    supports-color: ^7.1.0
  checksum: 445c12db7aeed0046500a1e4184d31209a77d165654c885a789c41c8598a6a95bd2392180987cac572c967b93a2a730dda778bb7f87fa06ca63fd8592f8cc59f
  languageName: node
  linkType: hard

"color-convert@npm:^2.0.1":
  version: 2.0.1
  resolution: "color-convert@npm:2.0.1"
  dependencies:
    color-name: ~1.1.4
  checksum: 3d5d8a011a43012ca11b6d739049ecf2055d95582fd16ec44bf1e685eb0baa5cc652002be8a1dc92b429c8d87418287d0528266a7595cb1ad8a7f4f1d3049df2
  languageName: node
  linkType: hard

"color-name@npm:~1.1.4":
  version: 1.1.4
  resolution: "color-name@npm:1.1.4"
  checksum: 3e1c9a4dee12eada307436f61614dd11fe300469db2b83f80c8b7a7cd8a1015f0f18dd13403f018927b249003777ff60baba4a03c65f12e6bddc0dfd9642021f
  languageName: node
  linkType: hard

"commander@npm:^7.1.0":
  version: 7.2.0
  resolution: "commander@npm:7.2.0"
  checksum: bdc0eca5e25cd24af8440163d3c9a996785bbac4b49a590365699cdc1ed08cefbac8f268153208ab2bc5dc3cb1d3fb573fd1590c681e36e371342186bd331a4c
  languageName: node
  linkType: hard

"css-select@npm:^3.1.2":
  version: 3.1.2
  resolution: "css-select@npm:3.1.2"
  dependencies:
    boolbase: ^1.0.0
    css-what: ^4.0.0
    domhandler: ^4.0.0
    domutils: ^2.4.3
    nth-check: ^2.0.0
  checksum: c06346140ea596220896980b8ce62e7dbc9fc4c902a0858d97ba933f538aecc96fed57967c15793faf76f2a6bab5385650d0a3637e07f498f75c39ce2c9764ab
  languageName: node
  linkType: hard

"css-tree@npm:^1.1.2":
  version: 1.1.3
  resolution: "css-tree@npm:1.1.3"
  dependencies:
    mdn-data: 2.0.14
    source-map: ^0.6.1
  checksum: 5b1bf44c457f4682feef5d1fccf0758aabaec3b77f264418a022826a0e4c2dc9f2283205223ddba147eba8ee4cb88caa91298b54c4b7e9af345bb820e9a32868
  languageName: node
  linkType: hard

"css-what@npm:^4.0.0":
  version: 4.0.0
  resolution: "css-what@npm:4.0.0"
  checksum: 2116d25ed233597bfe0b2fb50b56076f5dfc1665f602f8a367bbaa8d086ce91c188d92a47118fa0daf35118456b0a0e537241f89b34b4d98161d63da63740471
  languageName: node
  linkType: hard

"csso@npm:^4.2.0":
  version: 4.2.0
  resolution: "csso@npm:4.2.0"
  dependencies:
    css-tree: ^1.1.2
  checksum: 757304b1c78052e74d2235b775b9a5fee287c66a189944732165021a0bb45b65ba8e1b9cfa478884d5721967f98c9c6d998240c5c78b2a003e4ab76a5a5b7b10
  languageName: node
  linkType: hard

"dom-serializer@npm:^1.0.1":
  version: 1.3.1
  resolution: "dom-serializer@npm:1.3.1"
  dependencies:
    domelementtype: ^2.0.1
    domhandler: ^4.0.0
    entities: ^2.0.0
  checksum: b5260cc10372a0a36661c429fa4bf351930ee130ca4370bad99a9440bda34f43e592190e6bff060957d1f38f11945991fe95a6fb043ef99dcdd8107e8c31d755
  languageName: node
  linkType: hard

"domelementtype@npm:^2.0.1, domelementtype@npm:^2.2.0":
  version: 2.2.0
  resolution: "domelementtype@npm:2.2.0"
  checksum: 70af22cd69a8e0c0cd4fbbba0459991aacb015f60765050b4a6d1750fd201b4bd4fd1e6922e945200f9cc725cd61be1cd393a3b9b576187759e3b046f33a4a30
  languageName: node
  linkType: hard

"domhandler@npm:^4.0.0, domhandler@npm:^4.2.0":
  version: 4.2.0
  resolution: "domhandler@npm:4.2.0"
  dependencies:
    domelementtype: ^2.2.0
  checksum: 1bdb0ae6b9a93f4a2e8a77da304a435bfd35af0e52c5208f24277093b7fa2e6084cdbd4eb7fdd5c0ca5bf2c67736a19b258fe9e61588f4c49eaa0abde8d3595d
  languageName: node
  linkType: hard

"domutils@npm:^2.4.3":
  version: 2.6.0
  resolution: "domutils@npm:2.6.0"
  dependencies:
    dom-serializer: ^1.0.1
    domelementtype: ^2.2.0
    domhandler: ^4.2.0
  checksum: 9da918510929e787d029034986287760f304ce089bdc3538482a3eee3e50abe9c055fa0c44f4366117efb8323615bd0228bdcbb0ca9799f80f7d3c2fc4df20ba
  languageName: node
  linkType: hard

"emojis-list@npm:^3.0.0":
  version: 3.0.0
  resolution: "emojis-list@npm:3.0.0"
  checksum: a79126b55bc86ee8fd938235a6adf9d457c05fb5bb934e8608b7d35c878d9d1e312a67759244f5c3fba0810b508eb5617e5e6ad6886496ebcfa6832d1c8de3c4
  languageName: node
  linkType: hard

"entities@npm:^2.0.0":
  version: 2.2.0
  resolution: "entities@npm:2.2.0"
  checksum: ebd62621a15a13f4e914322cf8b1d4aeb224fa5365910d8899615835dada8b1349dea77bbcd4db2eea100845de313c46303accafece669d929d64ebcc90f4517
  languageName: node
  linkType: hard

"has-flag@npm:^4.0.0":
  version: 4.0.0
  resolution: "has-flag@npm:4.0.0"
  checksum: 2e5391139d3d287231ccb58659702392f6e3abeac3296fb4721afaff46493f3d9b99a9329ae015dfe973aa206ed5c75f43e86aec0267dce79aa5c2b6e811b3ad
  languageName: node
  linkType: hard

"json5@npm:^2.1.2":
  version: 2.2.0
  resolution: "json5@npm:2.2.0"
  dependencies:
    minimist: ^1.2.5
  bin:
    json5: lib/cli.js
  checksum: 07b1f90c2801dc52df2b0ac8d606cc400a85cda79130e754780fa2ab9805d0fb85a0e61b6a5cdd68e88e5d0c8f9109ec415af08283175556cdccaa8563853908
  languageName: node
  linkType: hard

"loader-utils@npm:^2.0.0":
  version: 2.0.0
  resolution: "loader-utils@npm:2.0.0"
  dependencies:
    big.js: ^5.2.2
    emojis-list: ^3.0.0
    json5: ^2.1.2
  checksum: a1c2e48781e1501e126a32c39bc1fb1a7e2f02bd99e5aeb8853ddaf3c121fffefcc4579367f97ca6890b58369e571af1c9ec82e4e20db238d560ab359ff25c33
  languageName: node
  linkType: hard

"mdn-data@npm:2.0.14":
  version: 2.0.14
  resolution: "mdn-data@npm:2.0.14"
  checksum: 57a27f585adb0ab978b0229aa2347dfbdb897e340a3cd3547a7de3162680af641bf2cdf185771b3bca29fabf8c46b486a45a4809dd5d9321465c80e6adad98f4
  languageName: node
  linkType: hard

"minimist@npm:^1.2.5":
  version: 1.2.5
  resolution: "minimist@npm:1.2.5"
  checksum: b77b8590147a4e217ff34266236bc39de23b52e6e33054076991ff674c7397a1380a7bde11111916f16f003a94aaa7e4f3d92595a32189644ff607fabc65a5b6
  languageName: node
  linkType: hard

"nth-check@npm:^2.0.0":
  version: 2.0.0
  resolution: "nth-check@npm:2.0.0"
  dependencies:
    boolbase: ^1.0.0
  checksum: 380a6dcf32910c783f30c62d6ae02194e8ac860faf99ff46b2248942477304351755a7ee2fa26ce289b6d078350fa14703da5cf4b3c65275032b43008a275064
  languageName: node
  linkType: hard

"source-map@npm:^0.6.1":
  version: 0.6.1
  resolution: "source-map@npm:0.6.1"
  checksum: 8647829a0611724114022be455ca1c8a2c8ae61df81c5b3667d9b398207226a1e21174fb7bbf0b4dbeb27ac358222afb5a14f1c74a62a62b8883b012e5eb1270
  languageName: node
  linkType: hard

"stable@npm:^0.1.8":
  version: 0.1.8
  resolution: "stable@npm:0.1.8"
  checksum: a430967bb543d4d1a5cbec81b48034006a467464f5d4bdf72bd7279da406956e1f8edaa56aab74ec17cc4e56ee61668dc4f1b380255507cf2f70c6ba589f7c48
  languageName: node
  linkType: hard

"supports-color@npm:^7.1.0":
  version: 7.2.0
  resolution: "supports-color@npm:7.2.0"
  dependencies:
    has-flag: ^4.0.0
  checksum: 8e57067c39216f3c2ffce7cc14ca934d54746192571203aa9c9922d97d2d55cc1bdaa9e41a11f91e620670b5a74ebdec6b548a885d8cc2dea7cab59e21416029
  languageName: node
  linkType: hard

"svg-loader@workspace:.":
  version: 0.0.0-use.local
  resolution: "svg-loader@workspace:."
  dependencies:
    loader-utils: ^2.0.0
    svgo: ^2.3.0
  languageName: unknown
  linkType: soft

"svgo@npm:^2.3.0":
  version: 2.3.0
  resolution: "svgo@npm:2.3.0"
  dependencies:
    "@trysound/sax": 0.1.1
    chalk: ^4.1.0
    commander: ^7.1.0
    css-select: ^3.1.2
    css-tree: ^1.1.2
    csso: ^4.2.0
    stable: ^0.1.8
  bin:
    svgo: bin/svgo
  checksum: 8580eddbab54079813531f9fd8c246662eea6f3f7554d7a6082dce010c25b4a8e8e92ae4ee52b2c80b514abc54ecd0e2bd1ef3011693d5daf473adefc5b48180
  languageName: node
  linkType: hard
